
Microsoft Visual Studio Solution File, Format Version 12.00
# Visual Studio Version 16
VisualStudioVersion = 16.0.29709.97
MinimumVisualStudioVersion = 10.0.40219.1
Project("{9A19103F-16F7-4668-BE54-9A1E7A4F7556}") = "ASB_COLD_DIP_Process", "ASB_COLD_DIP_Process\ASB_COLD_DIP_Process.csproj", "{0B95A8E3-9552-47D6-B171-B22C5467C896}"
EndProject
Project("{9A19103F-16F7-4668-BE54-9A1E7A4F7556}") = "InstantOpen_DIP_Extract", "InstantOpen_DIP_Extract\InstantOpen_DIP_Extract.csproj", "{ECDCD294-F5E3-4D92-B35A-897FB285B523}"
EndProject
Project("{9A19103F-16F7-4668-BE54-9A1E7A4F7556}") = "nCinoEmailReport_AppID_LoanNumber", "nCinoEmailReport_AppID_LoanNumber\nCinoEmailReport_AppID_LoanNumber.csproj", "{0D5D95F2-EA77-417B-8742-C74DBFE8D82B}"
EndProject
Project("{9A19103F-16F7-4668-BE54-9A1E7A4F7556}") = "DeleteOutdatedFiles", "DeleteOutdatedFiles\DeleteOutdatedFiles.csproj", "{C2AD8075-7C66-4E3A-A952-BD2A23A5572A}"
EndProject
Project("{FAE04EC0-301F-11D3-BF4B-00C04F79EFBC}") = "InstantOpen_RSI_DIP_Extract", "InstantOpen_RSI_DIP_Extract\InstantOpen_RSI_DIP_Extract.csproj", "{26CD31B3-BABF-43C5-9C80-7C837D79B376}"
EndProject
Global
	GlobalSection(SolutionConfigurationPlatforms) = preSolution
		Debug|Any CPU = Debug|Any CPU
		Debug|x64 = Debug|x64
		Release|Any CPU = Release|Any CPU
		Release|x64 = Release|x64
	EndGlobalSection
	GlobalSection(ProjectConfigurationPlatforms) = postSolution
		{0B95A8E3-9552-47D6-B171-B22C5467C896}.Debug|Any CPU.ActiveCfg = Debug|Any CPU
		{0B95A8E3-9552-47D6-B171-B22C5467C896}.Debug|Any CPU.Build.0 = Debug|Any CPU
		{0B95A8E3-9552-47D6-B171-B22C5467C896}.Debug|x64.ActiveCfg = Debug|x64
		{0B95A8E3-9552-47D6-B171-B22C5467C896}.Debug|x64.Build.0 = Debug|x64
		{0B95A8E3-9552-47D6-B171-B22C5467C896}.Release|Any CPU.ActiveCfg = Release|Any CPU
		{0B95A8E3-9552-47D6-B171-B22C5467C896}.Release|Any CPU.Build.0 = Release|Any CPU
		{0B95A8E3-9552-47D6-B171-B22C5467C896}.Release|x64.ActiveCfg = Release|x64
		{0B95A8E3-9552-47D6-B171-B22C5467C896}.Release|x64.Build.0 = Release|x64
		{ECDCD294-F5E3-4D92-B35A-897FB285B523}.Debug|Any CPU.ActiveCfg = Debug|Any CPU
		{ECDCD294-F5E3-4D92-B35A-897FB285B523}.Debug|Any CPU.Build.0 = Debug|Any CPU
		{ECDCD294-F5E3-4D92-B35A-897FB285B523}.Debug|x64.ActiveCfg = Debug|x64
		{ECDCD294-F5E3-4D92-B35A-897FB285B523}.Debug|x64.Build.0 = Debug|x64
		{ECDCD294-F5E3-4D92-B35A-897FB285B523}.Release|Any CPU.ActiveCfg = Release|Any CPU
		{ECDCD294-F5E3-4D92-B35A-897FB285B523}.Release|Any CPU.Build.0 = Release|Any CPU
		{ECDCD294-F5E3-4D92-B35A-897FB285B523}.Release|x64.ActiveCfg = Release|x64
		{ECDCD294-F5E3-4D92-B35A-897FB285B523}.Release|x64.Build.0 = Release|x64
		{0D5D95F2-EA77-417B-8742-C74DBFE8D82B}.Debug|Any CPU.ActiveCfg = Debug|Any CPU
		{0D5D95F2-EA77-417B-8742-C74DBFE8D82B}.Debug|Any CPU.Build.0 = Debug|Any CPU
		{0D5D95F2-EA77-417B-8742-C74DBFE8D82B}.Debug|x64.ActiveCfg = Debug|x64
		{0D5D95F2-EA77-417B-8742-C74DBFE8D82B}.Debug|x64.Build.0 = Debug|x64
		{0D5D95F2-EA77-417B-8742-C74DBFE8D82B}.Release|Any CPU.ActiveCfg = Release|Any CPU
		{0D5D95F2-EA77-417B-8742-C74DBFE8D82B}.Release|Any CPU.Build.0 = Release|Any CPU
		{0D5D95F2-EA77-417B-8742-C74DBFE8D82B}.Release|x64.ActiveCfg = Release|x64
		{0D5D95F2-EA77-417B-8742-C74DBFE8D82B}.Release|x64.Build.0 = Release|x64
		{C2AD8075-7C66-4E3A-A952-BD2A23A5572A}.Debug|Any CPU.ActiveCfg = Debug|Any CPU
		{C2AD8075-7C66-4E3A-A952-BD2A23A5572A}.Debug|Any CPU.Build.0 = Debug|Any CPU
		{C2AD8075-7C66-4E3A-A952-BD2A23A5572A}.Debug|x64.ActiveCfg = Debug|Any CPU
		{C2AD8075-7C66-4E3A-A952-BD2A23A5572A}.Debug|x64.Build.0 = Debug|Any CPU
		{C2AD8075-7C66-4E3A-A952-BD2A23A5572A}.Release|Any CPU.ActiveCfg = Release|Any CPU
		{C2AD8075-7C66-4E3A-A952-BD2A23A5572A}.Release|Any CPU.Build.0 = Release|Any CPU
		{C2AD8075-7C66-4E3A-A952-BD2A23A5572A}.Release|x64.ActiveCfg = Release|Any CPU
		{C2AD8075-7C66-4E3A-A952-BD2A23A5572A}.Release|x64.Build.0 = Release|Any CPU
		{26CD31B3-BABF-43C5-9C80-7C837D79B376}.Debug|Any CPU.ActiveCfg = Debug|Any CPU
		{26CD31B3-BABF-43C5-9C80-7C837D79B376}.Debug|Any CPU.Build.0 = Debug|Any CPU
		{26CD31B3-BABF-43C5-9C80-7C837D79B376}.Debug|x64.ActiveCfg = Debug|Any CPU
		{26CD31B3-BABF-43C5-9C80-7C837D79B376}.Debug|x64.Build.0 = Debug|Any CPU
		{26CD31B3-BABF-43C5-9C80-7C837D79B376}.Release|Any CPU.ActiveCfg = Release|Any CPU
		{26CD31B3-BABF-43C5-9C80-7C837D79B376}.Release|Any CPU.Build.0 = Release|Any CPU
		{26CD31B3-BABF-43C5-9C80-7C837D79B376}.Release|x64.ActiveCfg = Release|Any CPU
		{26CD31B3-BABF-43C5-9C80-7C837D79B376}.Release|x64.Build.0 = Release|Any CPU
	EndGlobalSection
	GlobalSection(SolutionProperties) = preSolution
		HideSolutionNode = FALSE
	EndGlobalSection
	GlobalSection(ExtensibilityGlobals) = postSolution
		SolutionGuid = {60BFD50B-1965-4998-9E3F-55DCCF01E62D}
	EndGlobalSection
EndGlobal
